
Microsoft Visual Studio Solution File, Format Version 12.00
# Visual Studio 15
VisualStudioVersion = 15.0.28307.136
MinimumVisualStudioVersion = 10.0.40219.1
Project("{FAE04EC0-301F-11D3-BF4B-00C04F79EFBC}") = "MyDictionary.Android", "helloword\helloword.Android\MyDictionary.Android.csproj", "{83C24D93-C0A4-4224-8A2B-934F23B99D67}"
EndProject
Project("{FAE04EC0-301F-11D3-BF4B-00C04F79EFBC}") = "MyDictionary.iOS", "helloword\helloword.iOS\MyDictionary.iOS.csproj", "{B0311521-EC0E-4217-8A8D-D655BA953C88}"
EndProject
Project("{9A19103F-16F7-4668-BE54-9A1E7A4F7556}") = "MyDictionary", "helloword\helloword\MyDictionary.csproj", "{CE0F0C18-256D-4944-BE38-18BC1C97ADE4}"
EndProject
Global
	GlobalSection(SolutionConfigurationPlatforms) = preSolution
		Ad-Hoc|Any CPU = Ad-Hoc|Any CPU
		Ad-Hoc|iPhone = Ad-Hoc|iPhone
		Ad-Hoc|iPhoneSimulator = Ad-Hoc|iPhoneSimulator
		AppStore|Any CPU = AppStore|Any CPU
		AppStore|iPhone = AppStore|iPhone
		AppStore|iPhoneSimulator = AppStore|iPhoneSimulator
		Debug|Any CPU = Debug|Any CPU
		Debug|iPhone = Debug|iPhone
		Debug|iPhoneSimulator = Debug|iPhoneSimulator
		Release|Any CPU = Release|Any CPU
		Release|iPhone = Release|iPhone
		Release|iPhoneSimulator = Release|iPhoneSimulator
	EndGlobalSection
	GlobalSection(ProjectConfigurationPlatforms) = postSolution
		{83C24D93-C0A4-4224-8A2B-934F23B99D67}.Ad-Hoc|Any CPU.ActiveCfg = Release|Any CPU
		{83C24D93-C0A4-4224-8A2B-934F23B99D67}.Ad-Hoc|Any CPU.Build.0 = Release|Any CPU
		{83C24D93-C0A4-4224-8A2B-934F23B99D67}.Ad-Hoc|Any CPU.Deploy.0 = Release|Any CPU
		{83C24D93-C0A4-4224-8A2B-934F23B99D67}.Ad-Hoc|iPhone.ActiveCfg = Release|Any CPU
		{83C24D93-C0A4-4224-8A2B-934F23B99D67}.Ad-Hoc|iPhone.Build.0 = Release|Any CPU
		{83C24D93-C0A4-4224-8A2B-934F23B99D67}.Ad-Hoc|iPhone.Deploy.0 = Release|Any CPU
		{83C24D93-C0A4-4224-8A2B-934F23B99D67}.Ad-Hoc|iPhoneSimulator.ActiveCfg = Release|Any CPU
		{83C24D93-C0A4-4224-8A2B-934F23B99D67}.Ad-Hoc|iPhoneSimulator.Build.0 = Release|Any CPU
		{83C24D93-C0A4-4224-8A2B-934F23B99D67}.Ad-Hoc|iPhoneSimulator.Deploy.0 = Release|Any CPU
		{83C24D93-C0A4-4224-8A2B-934F23B99D67}.AppStore|Any CPU.ActiveCfg = Release|Any CPU
		{83C24D93-C0A4-4224-8A2B-934F23B99D67}.AppStore|Any CPU.Build.0 = Release|Any CPU
		{83C24D93-C0A4-4224-8A2B-934F23B99D67}.AppStore|Any CPU.Deploy.0 = Release|Any CPU
		{83C24D93-C0A4-4224-8A2B-934F23B99D67}.AppStore|iPhone.ActiveCfg = Release|Any CPU
		{83C24D93-C0A4-4224-8A2B-934F23B99D67}.AppStore|iPhone.Build.0 = Release|Any CPU
		{83C24D93-C0A4-4224-8A2B-934F23B99D67}.AppStore|iPhone.Deploy.0 = Release|Any CPU
		{83C24D93-C0A4-4224-8A2B-934F23B99D67}.AppStore|iPhoneSimulator.ActiveCfg = Release|Any CPU
		{83C24D93-C0A4-4224-8A2B-934F23B99D67}.AppStore|iPhoneSimulator.Build.0 = Release|Any CPU
		{83C24D93-C0A4-4224-8A2B-934F23B99D67}.AppStore|iPhoneSimulator.Deploy.0 = Release|Any CPU
		{83C24D93-C0A4-4224-8A2B-934F23B99D67}.Debug|Any CPU.ActiveCfg = Debug|Any CPU
		{83C24D93-C0A4-4224-8A2B-934F23B99D67}.Debug|Any CPU.Build.0 = Debug|Any CPU
		{83C24D93-C0A4-4224-8A2B-934F23B99D67}.Debug|Any CPU.Deploy.0 = Debug|Any CPU
		{83C24D93-C0A4-4224-8A2B-934F23B99D67}.Debug|iPhone.ActiveCfg = Debug|Any CPU
		{83C24D93-C0A4-4224-8A2B-934F23B99D67}.Debug|iPhone.Build.0 = Debug|Any CPU
		{83C24D93-C0A4-4224-8A2B-934F23B99D67}.Debug|iPhone.Deploy.0 = Debug|Any CPU
		{83C24D93-C0A4-4224-8A2B-934F23B99D67}.Debug|iPhoneSimulator.ActiveCfg = Debug|Any CPU
		{83C24D93-C0A4-4224-8A2B-934F23B99D67}.Debug|iPhoneSimulator.Build.0 = Debug|Any CPU
		{83C24D93-C0A4-4224-8A2B-934F23B99D67}.Debug|iPhoneSimulator.Deploy.0 = Debug|Any CPU
		{83C24D93-C0A4-4224-8A2B-934F23B99D67}.Release|Any CPU.ActiveCfg = Release|Any CPU
		{83C24D93-C0A4-4224-8A2B-934F23B99D67}.Release|Any CPU.Build.0 = Release|Any CPU
		{83C24D93-C0A4-4224-8A2B-934F23B99D67}.Release|Any CPU.Deploy.0 = Release|Any CPU
		{83C24D93-C0A4-4224-8A2B-934F23B99D67}.Release|iPhone.ActiveCfg = Release|Any CPU
		{83C24D93-C0A4-4224-8A2B-934F23B99D67}.Release|iPhone.Build.0 = Release|Any CPU
		{83C24D93-C0A4-4224-8A2B-934F23B99D67}.Release|iPhone.Deploy.0 = Release|Any CPU
		{83C24D93-C0A4-4224-8A2B-934F23B99D67}.Release|iPhoneSimulator.ActiveCfg = Release|Any CPU
		{83C24D93-C0A4-4224-8A2B-934F23B99D67}.Release|iPhoneSimulator.Build.0 = Release|Any CPU
		{83C24D93-C0A4-4224-8A2B-934F23B99D67}.Release|iPhoneSimulator.Deploy.0 = Release|Any CPU
		{B0311521-EC0E-4217-8A8D-D655BA953C88}.Ad-Hoc|Any CPU.ActiveCfg = Ad-Hoc|iPhone
		{B0311521-EC0E-4217-8A8D-D655BA953C88}.Ad-Hoc|Any CPU.Build.0 = Ad-Hoc|iPhone
		{B0311521-EC0E-4217-8A8D-D655BA953C88}.Ad-Hoc|Any CPU.Deploy.0 = Ad-Hoc|iPhone
		{B0311521-EC0E-4217-8A8D-D655BA953C88}.Ad-Hoc|iPhone.ActiveCfg = Ad-Hoc|iPhone
		{B0311521-EC0E-4217-8A8D-D655BA953C88}.Ad-Hoc|iPhone.Build.0 = Ad-Hoc|iPhone
		{B0311521-EC0E-4217-8A8D-D655BA953C88}.Ad-Hoc|iPhone.Deploy.0 = Ad-Hoc|iPhone
		{B0311521-EC0E-4217-8A8D-D655BA953C88}.Ad-Hoc|iPhoneSimulator.ActiveCfg = Ad-Hoc|iPhoneSimulator
		{B0311521-EC0E-4217-8A8D-D655BA953C88}.Ad-Hoc|iPhoneSimulator.Build.0 = Ad-Hoc|iPhoneSimulator
		{B0311521-EC0E-4217-8A8D-D655BA953C88}.Ad-Hoc|iPhoneSimulator.Deploy.0 = Ad-Hoc|iPhoneSimulator
		{B0311521-EC0E-4217-8A8D-D655BA953C88}.AppStore|Any CPU.ActiveCfg = AppStore|iPhone
		{B0311521-EC0E-4217-8A8D-D655BA953C88}.AppStore|Any CPU.Build.0 = AppStore|iPhone
		{B0311521-EC0E-4217-8A8D-D655BA953C88}.AppStore|Any CPU.Deploy.0 = AppStore|iPhone
		{B0311521-EC0E-4217-8A8D-D655BA953C88}.AppStore|iPhone.ActiveCfg = AppStore|iPhone
		{B0311521-EC0E-4217-8A8D-D655BA953C88}.AppStore|iPhone.Build.0 = AppStore|iPhone
		{B0311521-EC0E-4217-8A8D-D655BA953C88}.AppStore|iPhone.Deploy.0 = AppStore|iPhone
		{B0311521-EC0E-4217-8A8D-D655BA953C88}.AppStore|iPhoneSimulator.ActiveCfg = AppStore|iPhoneSimulator
		{B0311521-EC0E-4217-8A8D-D655BA953C88}.AppStore|iPhoneSimulator.Build.0 = AppStore|iPhoneSimulator
		{B0311521-EC0E-4217-8A8D-D655BA953C88}.AppStore|iPhoneSimulator.Deploy.0 = AppStore|iPhoneSimulator
		{B0311521-EC0E-4217-8A8D-D655BA953C88}.Debug|Any CPU.ActiveCfg = Debug|iPhoneSimulator
		{B0311521-EC0E-4217-8A8D-D655BA953C88}.Debug|Any CPU.Build.0 = Debug|iPhoneSimulator
		{B0311521-EC0E-4217-8A8D-D655BA953C88}.Debug|Any CPU.Deploy.0 = Debug|iPhoneSimulator
		{B0311521-EC0E-4217-8A8D-D655BA953C88}.Debug|iPhone.ActiveCfg = Debug|iPhone
		{B0311521-EC0E-4217-8A8D-D655BA953C88}.Debug|iPhone.Build.0 = Debug|iPhone
		{B0311521-EC0E-4217-8A8D-D655BA953C88}.Debug|iPhone.Deploy.0 = Debug|iPhone
		{B0311521-EC0E-4217-8A8D-D655BA953C88}.Debug|iPhoneSimulator.ActiveCfg = Debug|iPhoneSimulator
		{B0311521-EC0E-4217-8A8D-D655BA953C88}.Debug|iPhoneSimulator.Build.0 = Debug|iPhoneSimulator
		{B0311521-EC0E-4217-8A8D-D655BA953C88}.Debug|iPhoneSimulator.Deploy.0 = Debug|iPhoneSimulator
		{B0311521-EC0E-4217-8A8D-D655BA953C88}.Release|Any CPU.ActiveCfg = Release|iPhone
		{B0311521-EC0E-4217-8A8D-D655BA953C88}.Release|Any CPU.Build.0 = Release|iPhone
		{B0311521-EC0E-4217-8A8D-D655BA953C88}.Release|Any CPU.Deploy.0 = Release|iPhone
		{B0311521-EC0E-4217-8A8D-D655BA953C88}.Release|iPhone.ActiveCfg = Release|iPhone
		{B0311521-EC0E-4217-8A8D-D655BA953C88}.Release|iPhone.Build.0 = Release|iPhone
		{B0311521-EC0E-4217-8A8D-D655BA953C88}.Release|iPhone.Deploy.0 = Release|iPhone
		{B0311521-EC0E-4217-8A8D-D655BA953C88}.Release|iPhoneSimulator.ActiveCfg = Release|iPhoneSimulator
		{B0311521-EC0E-4217-8A8D-D655BA953C88}.Release|iPhoneSimulator.Build.0 = Release|iPhoneSimulator
		{B0311521-EC0E-4217-8A8D-D655BA953C88}.Release|iPhoneSimulator.Deploy.0 = Release|iPhoneSimulator
		{CE0F0C18-256D-4944-BE38-18BC1C97ADE4}.Ad-Hoc|Any CPU.ActiveCfg = Debug|Any CPU
		{CE0F0C18-256D-4944-BE38-18BC1C97ADE4}.Ad-Hoc|Any CPU.Build.0 = Debug|Any CPU
		{CE0F0C18-256D-4944-BE38-18BC1C97ADE4}.Ad-Hoc|Any CPU.Deploy.0 = Debug|Any CPU
		{CE0F0C18-256D-4944-BE38-18BC1C97ADE4}.Ad-Hoc|iPhone.ActiveCfg = Debug|Any CPU
		{CE0F0C18-256D-4944-BE38-18BC1C97ADE4}.Ad-Hoc|iPhone.Build.0 = Debug|Any CPU
		{CE0F0C18-256D-4944-BE38-18BC1C97ADE4}.Ad-Hoc|iPhone.Deploy.0 = Debug|Any CPU
		{CE0F0C18-256D-4944-BE38-18BC1C97ADE4}.Ad-Hoc|iPhoneSimulator.ActiveCfg = Debug|Any CPU
		{CE0F0C18-256D-4944-BE38-18BC1C97ADE4}.Ad-Hoc|iPhoneSimulator.Build.0 = Debug|Any CPU
		{CE0F0C18-256D-4944-BE38-18BC1C97ADE4}.Ad-Hoc|iPhoneSimulator.Deploy.0 = Debug|Any CPU
		{CE0F0C18-256D-4944-BE38-18BC1C97ADE4}.AppStore|Any CPU.ActiveCfg = Debug|Any CPU
		{CE0F0C18-256D-4944-BE38-18BC1C97ADE4}.AppStore|Any CPU.Build.0 = Debug|Any CPU
		{CE0F0C18-256D-4944-BE38-18BC1C97ADE4}.AppStore|Any CPU.Deploy.0 = Debug|Any CPU
		{CE0F0C18-256D-4944-BE38-18BC1C97ADE4}.AppStore|iPhone.ActiveCfg = Debug|Any CPU
		{CE0F0C18-256D-4944-BE38-18BC1C97ADE4}.AppStore|iPhone.Build.0 = Debug|Any CPU
		{CE0F0C18-256D-4944-BE38-18BC1C97ADE4}.AppStore|iPhone.Deploy.0 = Debug|Any CPU
		{CE0F0C18-256D-4944-BE38-18BC1C97ADE4}.AppStore|iPhoneSimulator.ActiveCfg = Debug|Any CPU
		{CE0F0C18-256D-4944-BE38-18BC1C97ADE4}.AppStore|iPhoneSimulator.Build.0 = Debug|Any CPU
		{CE0F0C18-256D-4944-BE38-18BC1C97ADE4}.AppStore|iPhoneSimulator.Deploy.0 = Debug|Any CPU
		{CE0F0C18-256D-4944-BE38-18BC1C97ADE4}.Debug|Any CPU.ActiveCfg = Debug|Any CPU
		{CE0F0C18-256D-4944-BE38-18BC1C97ADE4}.Debug|Any CPU.Build.0 = Debug|Any CPU
		{CE0F0C18-256D-4944-BE38-18BC1C97ADE4}.Debug|Any CPU.Deploy.0 = Debug|Any CPU
		{CE0F0C18-256D-4944-BE38-18BC1C97ADE4}.Debug|iPhone.ActiveCfg = Debug|Any CPU
		{CE0F0C18-256D-4944-BE38-18BC1C97ADE4}.Debug|iPhone.Build.0 = Debug|Any CPU
		{CE0F0C18-256D-4944-BE38-18BC1C97ADE4}.Debug|iPhone.Deploy.0 = Debug|Any CPU
		{CE0F0C18-256D-4944-BE38-18BC1C97ADE4}.Debug|iPhoneSimulator.ActiveCfg = Debug|Any CPU
		{CE0F0C18-256D-4944-BE38-18BC1C97ADE4}.Debug|iPhoneSimulator.Build.0 = Debug|Any CPU
		{CE0F0C18-256D-4944-BE38-18BC1C97ADE4}.Debug|iPhoneSimulator.Deploy.0 = Debug|Any CPU
		{CE0F0C18-256D-4944-BE38-18BC1C97ADE4}.Release|Any CPU.ActiveCfg = Release|Any CPU
		{CE0F0C18-256D-4944-BE38-18BC1C97ADE4}.Release|Any CPU.Build.0 = Release|Any CPU
		{CE0F0C18-256D-4944-BE38-18BC1C97ADE4}.Release|Any CPU.Deploy.0 = Release|Any CPU
		{CE0F0C18-256D-4944-BE38-18BC1C97ADE4}.Release|iPhone.ActiveCfg = Release|Any CPU
		{CE0F0C18-256D-4944-BE38-18BC1C97ADE4}.Release|iPhone.Build.0 = Release|Any CPU
		{CE0F0C18-256D-4944-BE38-18BC1C97ADE4}.Release|iPhone.Deploy.0 = Release|Any CPU
		{CE0F0C18-256D-4944-BE38-18BC1C97ADE4}.Release|iPhoneSimulator.ActiveCfg = Release|Any CPU
		{CE0F0C18-256D-4944-BE38-18BC1C97ADE4}.Release|iPhoneSimulator.Build.0 = Release|Any CPU
		{CE0F0C18-256D-4944-BE38-18BC1C97ADE4}.Release|iPhoneSimulator.Deploy.0 = Release|Any CPU
	EndGlobalSection
	GlobalSection(SolutionProperties) = preSolution
		HideSolutionNode = FALSE
	EndGlobalSection
	GlobalSection(ExtensibilityGlobals) = postSolution
		SolutionGuid = {8229B0DD-0F82-4E31-A435-D0EADC15067A}
	EndGlobalSection
EndGlobal
